
Microsoft Visual Studio Solution File, Format Version 12.00
# Visual Studio Version 16
VisualStudioVersion = 16.0.29306.81
MinimumVisualStudioVersion = 10.0.40219.1
Project("{FAE04EC0-301F-11D3-BF4B-00C04F79EFBC}") = "initiative_tracker_5e", "initiative_tracker_5e.csproj", "{40831B23-9C5F-4728-9DD7-08261BF4FADF}"
EndProject
Global
	GlobalSection(SolutionConfigurationPlatforms) = preSolution
		Debug|Any CPU = Debug|Any CPU
		Release|Any CPU = Release|Any CPU
	EndGlobalSection
	GlobalSection(ProjectConfigurationPlatforms) = postSolution
		{40831B23-9C5F-4728-9DD7-08261BF4FADF}.Debug|Any CPU.ActiveCfg = Debug|Any CPU
		{40831B23-9C5F-4728-9DD7-08261BF4FADF}.Debug|Any CPU.Build.0 = Debug|Any CPU
		{40831B23-9C5F-4728-9DD7-08261BF4FADF}.Release|Any CPU.ActiveCfg = Release|Any CPU
		{40831B23-9C5F-4728-9DD7-08261BF4FADF}.Release|Any CPU.Build.0 = Release|Any CPU
	EndGlobalSection
	GlobalSection(SolutionProperties) = preSolution
		HideSolutionNode = FALSE
	EndGlobalSection
	GlobalSection(ExtensibilityGlobals) = postSolution
		SolutionGuid = {FF50495A-0593-4EAC-9E60-BB1AB74FE3F6}
	EndGlobalSection
EndGlobal
